// !$*UTF8*$!
{
	archiveVersion = 1;
	classes = {
	};
	objectVersion = 50;
	objects = {

/* Begin PBXBuildFile section */
		3B65FB5A243E4C6800230442 /* LuaRuntime.m in Sources */ = {isa = PBXBuildFile; fileRef = 3B65FB59243E4C6800230442 /* LuaRuntime.m */; };
		3B65FB5B243E4C6800230442 /* LuaRuntime.h in CopyFiles */ = {isa = PBXBuildFile; fileRef = 3B65FB58243E4C6800230442 /* LuaRuntime.h */; };
		3B65FB6D243E553600230442 /* LuaRuntime.m in Sources */ = {isa = PBXBuildFile; fileRef = 3B65FB59243E4C6800230442 /* LuaRuntime.m */; };
/* End PBXBuildFile section */

/* Begin PBXCopyFilesBuildPhase section */
		3B65FB54243E4C6800230442 /* CopyFiles */ = {
			isa = PBXCopyFilesBuildPhase;
			buildActionMask = 2147483647;
			dstPath = "include/$(PRODUCT_NAME)";
			dstSubfolderSpec = 16;
			files = (
				3B65FB5B243E4C6800230442 /* LuaRuntime.h in CopyFiles */,
			);
			runOnlyForDeploymentPostprocessing = 0;
		};
/* End PBXCopyFilesBuildPhase section */

/* Begin PBXFileReference section */
		3B65FB56243E4C6800230442 /* libluaruntime.a */ = {isa = PBXFileReference; explicitFileType = archive.ar; includeInIndex = 0; path = libluaruntime.a; sourceTree = BUILT_PRODUCTS_DIR; };
		3B65FB58243E4C6800230442 /* LuaRuntime.h */ = {isa = PBXFileReference; lastKnownFileType = sourcecode.c.h; path = LuaRuntime.h; sourceTree = "<group>"; };
		3B65FB59243E4C6800230442 /* LuaRuntime.m */ = {isa = PBXFileReference; lastKnownFileType = sourcecode.c.objc; path = LuaRuntime.m; sourceTree = "<group>"; };
		3B65FB67243E527C00230442 /* luaruntime.bundle */ = {isa = PBXFileReference; explicitFileType = wrapper.cfbundle; includeInIndex = 0; path = luaruntime.bundle; sourceTree = BUILT_PRODUCTS_DIR; };
		3B65FB69243E527C00230442 /* Info.plist */ = {isa = PBXFileReference; lastKnownFileType = text.plist.xml; path = Info.plist; sourceTree = "<group>"; };
/* End PBXFileReference section */

/* Begin PBXFrameworksBuildPhase section */
		3B65FB53243E4C6800230442 /* Frameworks */ = {
			isa = PBXFrameworksBuildPhase;
			buildActionMask = 2147483647;
			files = (
			);
			runOnlyForDeploymentPostprocessing = 0;
		};
		3B65FB64243E527C00230442 /* Frameworks */ = {
			isa = PBXFrameworksBuildPhase;
			buildActionMask = 2147483647;
			files = (
			);
			runOnlyForDeploymentPostprocessing = 0;
		};
/* End PBXFrameworksBuildPhase section */

/* Begin PBXGroup section */
		3B65FB21243E498E00230442 = {
			isa = PBXGroup;
			children = (
				3B65FB58243E4C6800230442 /* LuaRuntime.h */,
				3B65FB59243E4C6800230442 /* LuaRuntime.m */,
				3B65FB68243E527C00230442 /* luaruntime */,
				3B65FB2C243E498E00230442 /* Products */,
			);
			sourceTree = "<group>";
		};
		3B65FB2C243E498E00230442 /* Products */ = {
			isa = PBXGroup;
			children = (
				3B65FB56243E4C6800230442 /* libluaruntime.a */,
				3B65FB67243E527C00230442 /* luaruntime.bundle */,
			);
			name = Products;
			sourceTree = "<group>";
		};
		3B65FB68243E527C00230442 /* luaruntime */ = {
			isa = PBXGroup;
			children = (
				3B65FB69243E527C00230442 /* Info.plist */,
			);
			path = luaruntime;
			sourceTree = "<group>";
		};
/* End PBXGroup section */

/* Begin PBXNativeTarget section */
		3B65FB55243E4C6800230442 /* luaruntime-ios */ = {
			isa = PBXNativeTarget;
			buildConfigurationList = 3B65FB5C243E4C6800230442 /* Build configuration list for PBXNativeTarget "luaruntime-ios" */;
			buildPhases = (
				3B65FB52243E4C6800230442 /* Sources */,
				3B65FB53243E4C6800230442 /* Frameworks */,
				3B65FB54243E4C6800230442 /* CopyFiles */,
			);
			buildRules = (
			);
			dependencies = (
			);
			name = "luaruntime-ios";
			productName = "luaruntime-ios";
			productReference = 3B65FB56243E4C6800230442 /* libluaruntime.a */;
			productType = "com.apple.product-type.library.static";
		};
		3B65FB66243E527C00230442 /* luaruntime */ = {
			isa = PBXNativeTarget;
			buildConfigurationList = 3B65FB6A243E527C00230442 /* Build configuration list for PBXNativeTarget "luaruntime" */;
			buildPhases = (
				3B65FB63243E527C00230442 /* Sources */,
				3B65FB64243E527C00230442 /* Frameworks */,
				3B65FB65243E527C00230442 /* Resources */,
			);
			buildRules = (
			);
			dependencies = (
			);
			name = luaruntime;
			productName = luaruntime;
			productReference = 3B65FB67243E527C00230442 /* luaruntime.bundle */;
			productType = "com.apple.product-type.bundle";
		};
/* End PBXNativeTarget section */

/* Begin PBXProject section */
		3B65FB22243E498E00230442 /* Project object */ = {
			isa = PBXProject;
			attributes = {
				LastUpgradeCheck = 1120;
				ORGANIZATIONNAME = "enos sariel";
				TargetAttributes = {
					3B65FB55243E4C6800230442 = {
						CreatedOnToolsVersion = 11.2.1;
					};
					3B65FB66243E527C00230442 = {
						CreatedOnToolsVersion = 11.2.1;
					};
				};
			};
			buildConfigurationList = 3B65FB25243E498E00230442 /* Build configuration list for PBXProject "LuaRuntimeX" */;
			compatibilityVersion = "Xcode 9.3";
			developmentRegion = en;
			hasScannedForEncodings = 0;
			knownRegions = (
				en,
				Base,
			);
			mainGroup = 3B65FB21243E498E00230442;
			productRefGroup = 3B65FB2C243E498E00230442 /* Products */;
			projectDirPath = "";
			projectRoot = "";
			targets = (
				3B65FB66243E527C00230442 /* luaruntime */,
				3B65FB55243E4C6800230442 /* luaruntime-ios */,
			);
		};
/* End PBXProject section */

/* Begin PBXResourcesBuildPhase section */
		3B65FB65243E527C00230442 /* Resources */ = {
			isa = PBXResourcesBuildPhase;
			buildActionMask = 2147483647;
			files = (
			);
			runOnlyForDeploymentPostprocessing = 0;
		};
/* End PBXResourcesBuildPhase section */

/* Begin PBXSourcesBuildPhase section */
		3B65FB52243E4C6800230442 /* Sources */ = {
			isa = PBXSourcesBuildPhase;
			buildActionMask = 2147483647;
			files = (
				3B65FB5A243E4C6800230442 /* LuaRuntime.m in Sources */,
			);
			runOnlyForDeploymentPostprocessing = 0;
		};
		3B65FB63243E527C00230442 /* Sources */ = {
			isa = PBXSourcesBuildPhase;
			buildActionMask = 2147483647;
			files = (
				3B65FB6D243E553600230442 /* LuaRuntime.m in Sources */,
			);
			runOnlyForDeploymentPostprocessing = 0;
		};
/* End PBXSourcesBuildPhase section */

/* Begin XCBuildConfiguration section */
		3B65FB31243E498E00230442 /* Debug */ = {
			isa = XCBuildConfiguration;
			buildSettings = {
				ALWAYS_SEARCH_USER_PATHS = NO;
				CLANG_ANALYZER_NONNULL = YES;
				CLANG_ANALYZER_NUMBER_OBJECT_CONVERSION = YES_AGGRESSIVE;
				CLANG_CXX_LANGUAGE_STANDARD = "gnu++0x";
				CLANG_CXX_LIBRARY = "libc++";
				CLANG_ENABLE_MODULES = YES;
				CLANG_ENABLE_OBJC_ARC = YES;
				CLANG_ENABLE_OBJC_WEAK = YES;
				CLANG_WARN_BLOCK_CAPTURE_AUTORELEASING = YES;
				CLANG_WARN_BOOL_CONVERSION = YES;
				CLANG_WARN_COMMA = YES;
				CLANG_WARN_CONSTANT_CONVERSION = YES;
				CLANG_WARN_DEPRECATED_OBJC_IMPLEMENTATIONS = YES;
				CLANG_WARN_DIRECT_OBJC_ISA_USAGE = YES_ERROR;
				CLANG_WARN_DOCUMENTATION_COMMENTS = YES;
				CLANG_WARN_EMPTY_BODY = YES;
				CLANG_WARN_ENUM_CONVERSION = YES;
				CLANG_WARN_INFINITE_RECURSION = YES;
				CLANG_WARN_INT_CONVERSION = YES;
				CLANG_WARN_NON_LITERAL_NULL_CONVERSION = YES;
				CLANG_WARN_OBJC_IMPLICIT_RETAIN_SELF = YES;
				CLANG_WARN_OBJC_LITERAL_CONVERSION = YES;
				CLANG_WARN_OBJC_ROOT_CLASS = YES_ERROR;
				CLANG_WARN_RANGE_LOOP_ANALYSIS = YES;
				CLANG_WARN_STRICT_PROTOTYPES = YES;
				CLANG_WARN_SUSPICIOUS_MOVE = YES;
				CLANG_WARN_UNGUARDED_AVAILABILITY = YES_AGGRESSIVE;
				CLANG_WARN_UNREACHABLE_CODE = YES;
				CLANG_WARN__DUPLICATE_METHOD_MATCH = YES;
				COPY_PHASE_STRIP = NO;
				CURRENT_PROJECT_VERSION = 1;
				DEBUG_INFORMATION_FORMAT = dwarf;
				ENABLE_STRICT_OBJC_MSGSEND = YES;
				ENABLE_TESTABILITY = YES;
				GCC_C_LANGUAGE_STANDARD = gnu11;
				GCC_DYNAMIC_NO_PIC = NO;
				GCC_NO_COMMON_BLOCKS = YES;
				GCC_OPTIMIZATION_LEVEL = 0;
				GCC_PREPROCESSOR_DEFINITIONS = (
					"DEBUG=1",
					"$(inherited)",
				);
				GCC_WARN_64_TO_32_BIT_CONVERSION = YES;
				GCC_WARN_ABOUT_RETURN_TYPE = YES_ERROR;
				GCC_WARN_UNDECLARED_SELECTOR = YES;
				GCC_WARN_UNINITIALIZED_AUTOS = YES_AGGRESSIVE;
				GCC_WARN_UNUSED_FUNCTION = YES;
				GCC_WARN_UNUSED_VARIABLE = YES;
				IPHONEOS_DEPLOYMENT_TARGET = 9.0;
				MACOSX_DEPLOYMENT_TARGET = 10.7;
				MTL_ENABLE_DEBUG_INFO = INCLUDE_SOURCE;
				MTL_FAST_MATH = YES;
				ONLY_ACTIVE_ARCH = NO;
				OTHER_LDFLAGS = "-ObjC";
				SDKROOT = iphoneos;
				VERSIONING_SYSTEM = "apple-generic";
				VERSION_INFO_PREFIX = "";
			};
			name = Debug;
		};
		3B65FB32243E498E00230442 /* Release */ = {
			isa = XCBuildConfiguration;
			buildSettings = {
				ALWAYS_SEARCH_USER_PATHS = NO;
				CLANG_ANALYZER_NONNULL = YES;
				CLANG_ANALYZER_NUMBER_OBJECT_CONVERSION = YES_AGGRESSIVE;
				CLANG_CXX_LANGUAGE_STANDARD = "gnu++0x";
				CLANG_CXX_LIBRARY = "libc++";
				CLANG_ENABLE_MODULES = YES;
				CLANG_ENABLE_OBJC_ARC = YES;
				CLANG_ENABLE_OBJC_WEAK = YES;
				CLANG_WARN_BLOCK_CAPTURE_AUTORELEASING = YES;
				CLANG_WARN_BOOL_CONVERSION = YES;
				CLANG_WARN_COMMA = YES;
				CLANG_WARN_CONSTANT_CONVERSION = YES;
				CLANG_WARN_DEPRECATED_OBJC_IMPLEMENTATIONS = YES;
				CLANG_WARN_DIRECT_OBJC_ISA_USAGE = YES_ERROR;
				CLANG_WARN_DOCUMENTATION_COMMENTS = YES;
				CLANG_WARN_EMPTY_BODY = YES;
				CLANG_WARN_ENUM_CONVERSION = YES;
				CLANG_WARN_INFINITE_RECURSION = YES;
				CLANG_WARN_INT_CONVERSION = YES;
				CLANG_WARN_NON_LITERAL_NULL_CONVERSION = YES;
				CLANG_WARN_OBJC_IMPLICIT_RETAIN_SELF = YES;
				CLANG_WARN_OBJC_LITERAL_CONVERSION = YES;
				CLANG_WARN_OBJC_ROOT_CLASS = YES_ERROR;
				CLANG_WARN_RANGE_LOOP_ANALYSIS = YES;
				CLANG_WARN_STRICT_PROTOTYPES = YES;
				CLANG_WARN_SUSPICIOUS_MOVE = YES;
				CLANG_WARN_UNGUARDED_AVAILABILITY = YES_AGGRESSIVE;
				CLANG_WARN_UNREACHABLE_CODE = YES;
				CLANG_WARN__DUPLICATE_METHOD_MATCH = YES;
				COPY_PHASE_STRIP = NO;
				CURRENT_PROJECT_VERSION = 1;
				DEBUG_INFORMATION_FORMAT = "dwarf-with-dsym";
				ENABLE_NS_ASSERTIONS = NO;
				ENABLE_STRICT_OBJC_MSGSEND = YES;
				GCC_C_LANGUAGE_STANDARD = gnu11;
				GCC_NO_COMMON_BLOCKS = YES;
				GCC_WARN_64_TO_32_BIT_CONVERSION = YES;
				GCC_WARN_ABOUT_RETURN_TYPE = YES_ERROR;
				GCC_WARN_UNDECLARED_SELECTOR = YES;
				GCC_WARN_UNINITIALIZED_AUTOS = YES_AGGRESSIVE;
				GCC_WARN_UNUSED_FUNCTION = YES;
				GCC_WARN_UNUSED_VARIABLE = YES;
				IPHONEOS_DEPLOYMENT_TARGET = 9.0;
				MACOSX_DEPLOYMENT_TARGET = 10.7;
				MTL_ENABLE_DEBUG_INFO = NO;
				MTL_FAST_MATH = YES;
				ONLY_ACTIVE_ARCH = NO;
				OTHER_LDFLAGS = "-ObjC";
				SDKROOT = iphoneos;
				VERSIONING_SYSTEM = "apple-generic";
				VERSION_INFO_PREFIX = "";
			};
			name = Release;
		};
		3B65FB5D243E4C6800230442 /* Debug */ = {
			isa = XCBuildConfiguration;
			buildSettings = {
				CODE_SIGN_STYLE = Automatic;
				DEVELOPMENT_TEAM = 8TF9JJP47U;
				OTHER_LDFLAGS = (
					"$(inherited)",
					"-fember-bitcode",
				);
				PRODUCT_NAME = luaruntime;
				SDKROOT = iphoneos;
				SKIP_INSTALL = YES;
				TARGETED_DEVICE_FAMILY = "1,2";
			};
			name = Debug;
		};
		3B65FB5E243E4C6800230442 /* Release */ = {
			isa = XCBuildConfiguration;
			buildSettings = {
				CODE_SIGN_STYLE = Automatic;
				DEVELOPMENT_TEAM = 8TF9JJP47U;
				OTHER_LDFLAGS = (
					"$(inherited)",
					"-fember-bitcode",
				);
				PRODUCT_NAME = luaruntime;
				SDKROOT = iphoneos;
				SKIP_INSTALL = YES;
				TARGETED_DEVICE_FAMILY = "1,2";
				VALIDATE_PRODUCT = YES;
			};
			name = Release;
		};
		3B65FB6B243E527C00230442 /* Debug */ = {
			isa = XCBuildConfiguration;
			buildSettings = {
				CLANG_CXX_LANGUAGE_STANDARD = "gnu++14";
				CODE_SIGN_STYLE = Automatic;
				COMBINE_HIDPI_IMAGES = YES;
				CURRENT_PROJECT_VERSION = 1002;
				DEVELOPMENT_TEAM = 8TF9JJP47U;
				INFOPLIST_FILE = luaruntime/Info.plist;
				INSTALL_PATH = "$(LOCAL_LIBRARY_DIR)/Bundles";
				MARKETING_VERSION = 1.01;
				OTHER_LDFLAGS = "$(inherited)";
				PRODUCT_BUNDLE_IDENTIFIER = com.mcmcx.luaruntime;
				PRODUCT_NAME = "$(TARGET_NAME)";
				SDKROOT = macosx;
				SKIP_INSTALL = YES;
				WRAPPER_EXTENSION = bundle;
			};
			name = Debug;
		};
		3B65FB6C243E527C00230442 /* Release */ = {
			isa = XCBuildConfiguration;
			buildSettings = {
				CLANG_CXX_LANGUAGE_STANDARD = "gnu++14";
				CODE_SIGN_STYLE = Automatic;
				COMBINE_HIDPI_IMAGES = YES;
				CURRENT_PROJECT_VERSION = 1002;
				DEVELOPMENT_TEAM = 8TF9JJP47U;
				INFOPLIST_FILE = luaruntime/Info.plist;
				INSTALL_PATH = "$(LOCAL_LIBRARY_DIR)/Bundles";
				MARKETING_VERSION = 1.01;
				OTHER_LDFLAGS = "$(inherited)";
				PRODUCT_BUNDLE_IDENTIFIER = com.mcmcx.luaruntime;
				PRODUCT_NAME = "$(TARGET_NAME)";
				SDKROOT = macosx;
				SKIP_INSTALL = YES;
				WRAPPER_EXTENSION = bundle;
			};
			name = Release;
		};
/* End XCBuildConfiguration section */

/* Begin XCConfigurationList section */
		3B65FB25243E498E00230442 /* Build configuration list for PBXProject "LuaRuntimeX" */ = {
			isa = XCConfigurationList;
			buildConfigurations = (
				3B65FB31243E498E00230442 /* Debug */,
				3B65FB32243E498E00230442 /* Release */,
			);
			defaultConfigurationIsVisible = 0;
			defaultConfigurationName = Release;
		};
		3B65FB5C243E4C6800230442 /* Build configuration list for PBXNativeTarget "luaruntime-ios" */ = {
			isa = XCConfigurationList;
			buildConfigurations = (
				3B65FB5D243E4C6800230442 /* Debug */,
				3B65FB5E243E4C6800230442 /* Release */,
			);
			defaultConfigurationIsVisible = 0;
			defaultConfigurationName = Release;
		};
		3B65FB6A243E527C00230442 /* Build configuration list for PBXNativeTarget "luaruntime" */ = {
			isa = XCConfigurationList;
			buildConfigurations = (
				3B65FB6B243E527C00230442 /* Debug */,
				3B65FB6C243E527C00230442 /* Release */,
			);
			defaultConfigurationIsVisible = 0;
			defaultConfigurationName = Release;
		};
/* End XCConfigurationList section */
	};
	rootObject = 3B65FB22243E498E00230442 /* Project object */;
}
