<?xml version="1.0" encoding="utf-8"?>
<Project ToolsVersion="4.0" xmlns="http://schemas.microsoft.com/developer/msbuild/2003">
  <ItemGroup>
    <Filter Include="源文件">
      <UniqueIdentifier>{4FC737F1-C7A5-4376-A066-2A32D752A2FF}</UniqueIdentifier>
      <Extensions>cpp;c;cc;cxx;def;odl;idl;hpj;bat;asm;asmx</Extensions>
    </Filter>
    <Filter Include="头文件">
      <UniqueIdentifier>{93995380-89BD-4b04-88EB-625FBE52EBFB}</UniqueIdentifier>
      <Extensions>h;hh;hpp;hxx;hm;inl;inc;ipp;xsd</Extensions>
    </Filter>
    <Filter Include="资源文件">
      <UniqueIdentifier>{67DA6AB6-F800-4c08-8B7A-83BB121AAD01}</UniqueIdentifier>
      <Extensions>rc;ico;cur;bmp;dlg;rc2;rct;bin;rgs;gif;jpg;jpeg;jpe;resx;tiff;tif;png;wav;mfcribbon-ms</Extensions>
    </Filter>
    <Filter Include="lua">
      <UniqueIdentifier>{c6ac4c52-bbbc-417a-b281-b8f73d6fbd2d}</UniqueIdentifier>
    </Filter>
    <Filter Include="cjson">
      <UniqueIdentifier>{7a594e99-8334-447c-a9d2-064a901a44f2}</UniqueIdentifier>
    </Filter>
    <Filter Include="luasocket">
      <UniqueIdentifier>{65b2edcf-aedf-4145-b138-b5c107efc89c}</UniqueIdentifier>
    </Filter>
    <Filter Include="util">
      <UniqueIdentifier>{a29d6e1c-36ae-4bd9-a610-179118567c90}</UniqueIdentifier>
    </Filter>
  </ItemGroup>
  <ItemGroup>
    <ClInclude Include="stdafx.h">
      <Filter>头文件</Filter>
    </ClInclude>
    <ClInclude Include="targetver.h">
      <Filter>头文件</Filter>
    </ClInclude>
    <ClInclude Include="lua\lapi.h">
      <Filter>lua</Filter>
    </ClInclude>
    <ClInclude Include="lua\lauxlib.h">
      <Filter>lua</Filter>
    </ClInclude>
    <ClInclude Include="lua\lcode.h">
      <Filter>lua</Filter>
    </ClInclude>
    <ClInclude Include="lua\ldebug.h">
      <Filter>lua</Filter>
    </ClInclude>
    <ClInclude Include="lua\ldo.h">
      <Filter>lua</Filter>
    </ClInclude>
    <ClInclude Include="lua\lfunc.h">
      <Filter>lua</Filter>
    </ClInclude>
    <ClInclude Include="lua\lgc.h">
      <Filter>lua</Filter>
    </ClInclude>
    <ClInclude Include="lua\llex.h">
      <Filter>lua</Filter>
    </ClInclude>
    <ClInclude Include="lua\llimits.h">
      <Filter>lua</Filter>
    </ClInclude>
    <ClInclude Include="lua\lmem.h">
      <Filter>lua</Filter>
    </ClInclude>
    <ClInclude Include="lua\lobject.h">
      <Filter>lua</Filter>
    </ClInclude>
    <ClInclude Include="lua\lopcodes.h">
      <Filter>lua</Filter>
    </ClInclude>
    <ClInclude Include="lua\lparser.h">
      <Filter>lua</Filter>
    </ClInclude>
    <ClInclude Include="lua\lstate.h">
      <Filter>lua</Filter>
    </ClInclude>
    <ClInclude Include="lua\lstring.h">
      <Filter>lua</Filter>
    </ClInclude>
    <ClInclude Include="lua\ltable.h">
      <Filter>lua</Filter>
    </ClInclude>
    <ClInclude Include="lua\ltm.h">
      <Filter>lua</Filter>
    </ClInclude>
    <ClInclude Include="lua\lua.h">
      <Filter>lua</Filter>
    </ClInclude>
    <ClInclude Include="lua\luaconf.h">
      <Filter>lua</Filter>
    </ClInclude>
    <ClInclude Include="lua\lualib.h">
      <Filter>lua</Filter>
    </ClInclude>
    <ClInclude Include="lua\lundump.h">
      <Filter>lua</Filter>
    </ClInclude>
    <ClInclude Include="lua\lvm.h">
      <Filter>lua</Filter>
    </ClInclude>
    <ClInclude Include="lua\lzio.h">
      <Filter>lua</Filter>
    </ClInclude>
    <ClInclude Include="cjson\fpconv.h">
      <Filter>cjson</Filter>
    </ClInclude>
    <ClInclude Include="cjson\strbuf.h">
      <Filter>cjson</Filter>
    </ClInclude>
    <ClInclude Include="luasocket\auxiliar.h">
      <Filter>luasocket</Filter>
    </ClInclude>
    <ClInclude Include="luasocket\buffer.h">
      <Filter>luasocket</Filter>
    </ClInclude>
    <ClInclude Include="luasocket\compat.h">
      <Filter>luasocket</Filter>
    </ClInclude>
    <ClInclude Include="luasocket\except.h">
      <Filter>luasocket</Filter>
    </ClInclude>
    <ClInclude Include="luasocket\inet.h">
      <Filter>luasocket</Filter>
    </ClInclude>
    <ClInclude Include="luasocket\io.h">
      <Filter>luasocket</Filter>
    </ClInclude>
    <ClInclude Include="luasocket\luasocket.h">
      <Filter>luasocket</Filter>
    </ClInclude>
    <ClInclude Include="luasocket\luasocket_scripts.h">
      <Filter>luasocket</Filter>
    </ClInclude>
    <ClInclude Include="luasocket\mime.h">
      <Filter>luasocket</Filter>
    </ClInclude>
    <ClInclude Include="luasocket\options.h">
      <Filter>luasocket</Filter>
    </ClInclude>
    <ClInclude Include="luasocket\pierror.h">
      <Filter>luasocket</Filter>
    </ClInclude>
    <ClInclude Include="luasocket\select.h">
      <Filter>luasocket</Filter>
    </ClInclude>
    <ClInclude Include="luasocket\socket.h">
      <Filter>luasocket</Filter>
    </ClInclude>
    <ClInclude Include="luasocket\tcp.h">
      <Filter>luasocket</Filter>
    </ClInclude>
    <ClInclude Include="luasocket\timeout.h">
      <Filter>luasocket</Filter>
    </ClInclude>
    <ClInclude Include="luasocket\udp.h">
      <Filter>luasocket</Filter>
    </ClInclude>
    <ClInclude Include="luasocket\wsocket.h">
      <Filter>luasocket</Filter>
    </ClInclude>
    <ClInclude Include="util\lpeg.h">
      <Filter>util</Filter>
    </ClInclude>
    <ClInclude Include="util\tolua.h">
      <Filter>util</Filter>
    </ClInclude>
  </ItemGroup>
  <ItemGroup>
    <ClCompile Include="stdafx.cpp">
      <Filter>源文件</Filter>
    </ClCompile>
    <ClCompile Include="LuaRuntime.cpp">
      <Filter>源文件</Filter>
    </ClCompile>
    <ClCompile Include="dllmain.cpp">
      <Filter>源文件</Filter>
    </ClCompile>
    <ClCompile Include="lua\lapi.c">
      <Filter>lua</Filter>
    </ClCompile>
    <ClCompile Include="lua\lauxlib.c">
      <Filter>lua</Filter>
    </ClCompile>
    <ClCompile Include="lua\lbaselib.c">
      <Filter>lua</Filter>
    </ClCompile>
    <ClCompile Include="lua\lcode.c">
      <Filter>lua</Filter>
    </ClCompile>
    <ClCompile Include="lua\ldblib.c">
      <Filter>lua</Filter>
    </ClCompile>
    <ClCompile Include="lua\ldebug.c">
      <Filter>lua</Filter>
    </ClCompile>
    <ClCompile Include="lua\ldo.c">
      <Filter>lua</Filter>
    </ClCompile>
    <ClCompile Include="lua\ldump.c">
      <Filter>lua</Filter>
    </ClCompile>
    <ClCompile Include="lua\lfunc.c">
      <Filter>lua</Filter>
    </ClCompile>
    <ClCompile Include="lua\lgc.c">
      <Filter>lua</Filter>
    </ClCompile>
    <ClCompile Include="lua\linit.c">
      <Filter>lua</Filter>
    </ClCompile>
    <ClCompile Include="lua\liolib.c">
      <Filter>lua</Filter>
    </ClCompile>
    <ClCompile Include="lua\llex.c">
      <Filter>lua</Filter>
    </ClCompile>
    <ClCompile Include="lua\lmathlib.c">
      <Filter>lua</Filter>
    </ClCompile>
    <ClCompile Include="lua\lmem.c">
      <Filter>lua</Filter>
    </ClCompile>
    <ClCompile Include="lua\loadlib.c">
      <Filter>lua</Filter>
    </ClCompile>
    <ClCompile Include="lua\lobject.c">
      <Filter>lua</Filter>
    </ClCompile>
    <ClCompile Include="lua\lopcodes.c">
      <Filter>lua</Filter>
    </ClCompile>
    <ClCompile Include="lua\loslib.c">
      <Filter>lua</Filter>
    </ClCompile>
    <ClCompile Include="lua\lparser.c">
      <Filter>lua</Filter>
    </ClCompile>
    <ClCompile Include="lua\lstate.c">
      <Filter>lua</Filter>
    </ClCompile>
    <ClCompile Include="lua\lstring.c">
      <Filter>lua</Filter>
    </ClCompile>
    <ClCompile Include="lua\lstrlib.c">
      <Filter>lua</Filter>
    </ClCompile>
    <ClCompile Include="lua\ltable.c">
      <Filter>lua</Filter>
    </ClCompile>
    <ClCompile Include="lua\ltablib.c">
      <Filter>lua</Filter>
    </ClCompile>
    <ClCompile Include="lua\ltm.c">
      <Filter>lua</Filter>
    </ClCompile>
    <ClCompile Include="lua\lua.c">
      <Filter>lua</Filter>
    </ClCompile>
    <ClCompile Include="lua\lundump.c">
      <Filter>lua</Filter>
    </ClCompile>
    <ClCompile Include="lua\lvm.c">
      <Filter>lua</Filter>
    </ClCompile>
    <ClCompile Include="lua\lzio.c">
      <Filter>lua</Filter>
    </ClCompile>
    <ClCompile Include="lua\print.c">
      <Filter>lua</Filter>
    </ClCompile>
    <ClCompile Include="cjson\fpconv.c">
      <Filter>cjson</Filter>
    </ClCompile>
    <ClCompile Include="cjson\lua_cjson.c">
      <Filter>cjson</Filter>
    </ClCompile>
    <ClCompile Include="cjson\strbuf.c">
      <Filter>cjson</Filter>
    </ClCompile>
    <ClCompile Include="luasocket\auxiliar.c">
      <Filter>luasocket</Filter>
    </ClCompile>
    <ClCompile Include="luasocket\buffer.c">
      <Filter>luasocket</Filter>
    </ClCompile>
    <ClCompile Include="luasocket\compat.c">
      <Filter>luasocket</Filter>
    </ClCompile>
    <ClCompile Include="luasocket\except.c">
      <Filter>luasocket</Filter>
    </ClCompile>
    <ClCompile Include="luasocket\inet.c">
      <Filter>luasocket</Filter>
    </ClCompile>
    <ClCompile Include="luasocket\io.c">
      <Filter>luasocket</Filter>
    </ClCompile>
    <ClCompile Include="luasocket\luasocket.c">
      <Filter>luasocket</Filter>
    </ClCompile>
    <ClCompile Include="luasocket\luasocket_scripts.c">
      <Filter>luasocket</Filter>
    </ClCompile>
    <ClCompile Include="luasocket\mime.c">
      <Filter>luasocket</Filter>
    </ClCompile>
    <ClCompile Include="luasocket\options.c">
      <Filter>luasocket</Filter>
    </ClCompile>
    <ClCompile Include="luasocket\select.c">
      <Filter>luasocket</Filter>
    </ClCompile>
    <ClCompile Include="luasocket\tcp.c">
      <Filter>luasocket</Filter>
    </ClCompile>
    <ClCompile Include="luasocket\timeout.c">
      <Filter>luasocket</Filter>
    </ClCompile>
    <ClCompile Include="luasocket\udp.c">
      <Filter>luasocket</Filter>
    </ClCompile>
    <ClCompile Include="luasocket\wsocket.c">
      <Filter>luasocket</Filter>
    </ClCompile>
    <ClCompile Include="util\bit.c">
      <Filter>util</Filter>
    </ClCompile>
    <ClCompile Include="util\int64.c">
      <Filter>util</Filter>
    </ClCompile>
    <ClCompile Include="util\lpeg.c">
      <Filter>util</Filter>
    </ClCompile>
    <ClCompile Include="util\pb.c">
      <Filter>util</Filter>
    </ClCompile>
    <ClCompile Include="util\struct.c">
      <Filter>util</Filter>
    </ClCompile>
    <ClCompile Include="util\tolua.c">
      <Filter>util</Filter>
    </ClCompile>
    <ClCompile Include="util\uint64.c">
      <Filter>util</Filter>
    </ClCompile>
  </ItemGroup>
</Project>